
Microsoft Visual Studio Solution File, Format Version 12.00
# Visual Studio Version 17
VisualStudioVersion = 17.6.33815.320
MinimumVisualStudioVersion = 10.0.40219.1
Project("{FAE04EC0-301F-11D3-BF4B-00C04F79EFBC}") = "MonoGame Tutorial 1", "MonoGame Tutorial 1.csproj", "{17986218-5557-492E-BA59-C44FEBFC7CBD}"
EndProject
Global
	GlobalSection(SolutionConfigurationPlatforms) = preSolution
		Debug|Any CPU = Debug|Any CPU
		Release|Any CPU = Release|Any CPU
	EndGlobalSection
	GlobalSection(ProjectConfigurationPlatforms) = postSolution
		{17986218-5557-492E-BA59-C44FEBFC7CBD}.Debug|Any CPU.ActiveCfg = Debug|Any CPU
		{17986218-5557-492E-BA59-C44FEBFC7CBD}.Debug|Any CPU.Build.0 = Debug|Any CPU
		{17986218-5557-492E-BA59-C44FEBFC7CBD}.Release|Any CPU.ActiveCfg = Release|Any CPU
		{17986218-5557-492E-BA59-C44FEBFC7CBD}.Release|Any CPU.Build.0 = Release|Any CPU
	EndGlobalSection
	GlobalSection(SolutionProperties) = preSolution
		HideSolutionNode = FALSE
	EndGlobalSection
	GlobalSection(ExtensibilityGlobals) = postSolution
		SolutionGuid = {C91A3670-1517-4C4A-A9E8-55226EE940FB}
	EndGlobalSection
EndGlobal
